// !$*UTF8*$!
{
	archiveVersion = 1;
	classes = {
	};
	objectVersion = 46;
	objects = {

/* Begin PBXBuildFile section */
		1CDBDBEF1BA5415300A403EB /* main.swift in Sources */ = {isa = PBXBuildFile; fileRef = 1CDBDBEE1BA5415300A403EB /* main.swift */; };
		1CDBDBF61BA5418B00A403EB /* ChocoBoiler.swift in Sources */ = {isa = PBXBuildFile; fileRef = 1CDBDBF51BA5418B00A403EB /* ChocoBoiler.swift */; };
/* End PBXBuildFile section */

/* Begin PBXCopyFilesBuildPhase section */
		1CDBDBE91BA5415300A403EB /* CopyFiles */ = {
			isa = PBXCopyFilesBuildPhase;
			buildActionMask = 2147483647;
			dstPath = /usr/share/man/man1/;
			dstSubfolderSpec = 0;
			files = (
			);
			runOnlyForDeploymentPostprocessing = 1;
		};
/* End PBXCopyFilesBuildPhase section */

/* Begin PBXFileReference section */
		1CDBDBEB1BA5415300A403EB /* Choco-O-Holic */ = {isa = PBXFileReference; explicitFileType = "compiled.mach-o.executable"; includeInIndex = 0; path = "Choco-O-Holic"; sourceTree = BUILT_PRODUCTS_DIR; };
		1CDBDBEE1BA5415300A403EB /* main.swift */ = {isa = PBXFileReference; lastKnownFileType = sourcecode.swift; path = main.swift; sourceTree = "<group>"; };
		1CDBDBF51BA5418B00A403EB /* ChocoBoiler.swift */ = {isa = PBXFileReference; fileEncoding = 4; lastKnownFileType = sourcecode.swift; path = ChocoBoiler.swift; sourceTree = "<group>"; };
/* End PBXFileReference section */

/* Begin PBXFrameworksBuildPhase section */
		1CDBDBE81BA5415300A403EB /* Frameworks */ = {
			isa = PBXFrameworksBuildPhase;
			buildActionMask = 2147483647;
			files = (
			);
			runOnlyForDeploymentPostprocessing = 0;
		};
/* End PBXFrameworksBuildPhase section */

/* Begin PBXGroup section */
		1CDBDBE21BA5415300A403EB = {
			isa = PBXGroup;
			children = (
				1CDBDBED1BA5415300A403EB /* Choco-O-Holic */,
				1CDBDBEC1BA5415300A403EB /* Products */,
			);
			sourceTree = "<group>";
		};
		1CDBDBEC1BA5415300A403EB /* Products */ = {
			isa = PBXGroup;
			children = (
				1CDBDBEB1BA5415300A403EB /* Choco-O-Holic */,
			);
			name = Products;
			sourceTree = "<group>";
		};
		1CDBDBED1BA5415300A403EB /* Choco-O-Holic */ = {
			isa = PBXGroup;
			children = (
				1CDBDBEE1BA5415300A403EB /* main.swift */,
				1CDBDBF51BA5418B00A403EB /* ChocoBoiler.swift */,
			);
			path = "Choco-O-Holic";
			sourceTree = "<group>";
		};
/* End PBXGroup section */

/* Begin PBXNativeTarget section */
		1CDBDBEA1BA5415300A403EB /* Choco-O-Holic */ = {
			isa = PBXNativeTarget;
			buildConfigurationList = 1CDBDBF21BA5415300A403EB /* Build configuration list for PBXNativeTarget "Choco-O-Holic" */;
			buildPhases = (
				1CDBDBE71BA5415300A403EB /* Sources */,
				1CDBDBE81BA5415300A403EB /* Frameworks */,
				1CDBDBE91BA5415300A403EB /* CopyFiles */,
			);
			buildRules = (
			);
			dependencies = (
			);
			name = "Choco-O-Holic";
			productName = "Choco-O-Holic";
			productReference = 1CDBDBEB1BA5415300A403EB /* Choco-O-Holic */;
			productType = "com.apple.product-type.tool";
		};
/* End PBXNativeTarget section */

/* Begin PBXProject section */
		1CDBDBE31BA5415300A403EB /* Project object */ = {
			isa = PBXProject;
			attributes = {
				LastUpgradeCheck = 0640;
				ORGANIZATIONNAME = mfmf.me;
				TargetAttributes = {
					1CDBDBEA1BA5415300A403EB = {
						CreatedOnToolsVersion = 6.4;
					};
				};
			};
			buildConfigurationList = 1CDBDBE61BA5415300A403EB /* Build configuration list for PBXProject "Choco-O-Holic" */;
			compatibilityVersion = "Xcode 3.2";
			developmentRegion = English;
			hasScannedForEncodings = 0;
			knownRegions = (
				en,
			);
			mainGroup = 1CDBDBE21BA5415300A403EB;
			productRefGroup = 1CDBDBEC1BA5415300A403EB /* Products */;
			projectDirPath = "";
			projectRoot = "";
			targets = (
				1CDBDBEA1BA5415300A403EB /* Choco-O-Holic */,
			);
		};
/* End PBXProject section */

/* Begin PBXSourcesBuildPhase section */
		1CDBDBE71BA5415300A403EB /* Sources */ = {
			isa = PBXSourcesBuildPhase;
			buildActionMask = 2147483647;
			files = (
				1CDBDBEF1BA5415300A403EB /* main.swift in Sources */,
				1CDBDBF61BA5418B00A403EB /* ChocoBoiler.swift in Sources */,
			);
			runOnlyForDeploymentPostprocessing = 0;
		};
/* End PBXSourcesBuildPhase section */

/* Begin XCBuildConfiguration section */
		1CDBDBF01BA5415300A403EB /* Debug */ = {
			isa = XCBuildConfiguration;
			buildSettings = {
				ALWAYS_SEARCH_USER_PATHS = NO;
				CLANG_CXX_LANGUAGE_STANDARD = "gnu++0x";
				CLANG_CXX_LIBRARY = "libc++";
				CLANG_ENABLE_MODULES = YES;
				CLANG_ENABLE_OBJC_ARC = YES;
				CLANG_WARN_BOOL_CONVERSION = YES;
				CLANG_WARN_CONSTANT_CONVERSION = YES;
				CLANG_WARN_DIRECT_OBJC_ISA_USAGE = YES_ERROR;
				CLANG_WARN_EMPTY_BODY = YES;
				CLANG_WARN_ENUM_CONVERSION = YES;
				CLANG_WARN_INT_CONVERSION = YES;
				CLANG_WARN_OBJC_ROOT_CLASS = YES_ERROR;
				CLANG_WARN_UNREACHABLE_CODE = YES;
				CLANG_WARN__DUPLICATE_METHOD_MATCH = YES;
				COPY_PHASE_STRIP = NO;
				DEBUG_INFORMATION_FORMAT = dwarf;
				ENABLE_STRICT_OBJC_MSGSEND = YES;
				GCC_C_LANGUAGE_STANDARD = gnu99;
				GCC_DYNAMIC_NO_PIC = NO;
				GCC_NO_COMMON_BLOCKS = YES;
				GCC_OPTIMIZATION_LEVEL = 0;
				GCC_PREPROCESSOR_DEFINITIONS = (
					"DEBUG=1",
					"$(inherited)",
				);
				GCC_SYMBOLS_PRIVATE_EXTERN = NO;
				GCC_WARN_64_TO_32_BIT_CONVERSION = YES;
				GCC_WARN_ABOUT_RETURN_TYPE = YES_ERROR;
				GCC_WARN_UNDECLARED_SELECTOR = YES;
				GCC_WARN_UNINITIALIZED_AUTOS = YES_AGGRESSIVE;
				GCC_WARN_UNUSED_FUNCTION = YES;
				GCC_WARN_UNUSED_VARIABLE = YES;
				MACOSX_DEPLOYMENT_TARGET = 10.10;
				MTL_ENABLE_DEBUG_INFO = YES;
				ONLY_ACTIVE_ARCH = YES;
				SDKROOT = macosx;
				SWIFT_OPTIMIZATION_LEVEL = "-Onone";
			};
			name = Debug;
		};
		1CDBDBF11BA5415300A403EB /* Release */ = {
			isa = XCBuildConfiguration;
			buildSettings = {
				ALWAYS_SEARCH_USER_PATHS = NO;
				CLANG_CXX_LANGUAGE_STANDARD = "gnu++0x";
				CLANG_CXX_LIBRARY = "libc++";
				CLANG_ENABLE_MODULES = YES;
				CLANG_ENABLE_OBJC_ARC = YES;
				CLANG_WARN_BOOL_CONVERSION = YES;
				CLANG_WARN_CONSTANT_CONVERSION = YES;
				CLANG_WARN_DIRECT_OBJC_ISA_USAGE = YES_ERROR;
				CLANG_WARN_EMPTY_BODY = YES;
				CLANG_WARN_ENUM_CONVERSION = YES;
				CLANG_WARN_INT_CONVERSION = YES;
				CLANG_WARN_OBJC_ROOT_CLASS = YES_ERROR;
				CLANG_WARN_UNREACHABLE_CODE = YES;
				CLANG_WARN__DUPLICATE_METHOD_MATCH = YES;
				COPY_PHASE_STRIP = NO;
				DEBUG_INFORMATION_FORMAT = "dwarf-with-dsym";
				ENABLE_NS_ASSERTIONS = NO;
				ENABLE_STRICT_OBJC_MSGSEND = YES;
				GCC_C_LANGUAGE_STANDARD = gnu99;
				GCC_NO_COMMON_BLOCKS = YES;
				GCC_WARN_64_TO_32_BIT_CONVERSION = YES;
				GCC_WARN_ABOUT_RETURN_TYPE = YES_ERROR;
				GCC_WARN_UNDECLARED_SELECTOR = YES;
				GCC_WARN_UNINITIALIZED_AUTOS = YES_AGGRESSIVE;
				GCC_WARN_UNUSED_FUNCTION = YES;
				GCC_WARN_UNUSED_VARIABLE = YES;
				MACOSX_DEPLOYMENT_TARGET = 10.10;
				MTL_ENABLE_DEBUG_INFO = NO;
				SDKROOT = macosx;
			};
			name = Release;
		};
		1CDBDBF31BA5415300A403EB /* Debug */ = {
			isa = XCBuildConfiguration;
			buildSettings = {
				PRODUCT_NAME = "$(TARGET_NAME)";
			};
			name = Debug;
		};
		1CDBDBF41BA5415300A403EB /* Release */ = {
			isa = XCBuildConfiguration;
			buildSettings = {
				PRODUCT_NAME = "$(TARGET_NAME)";
			};
			name = Release;
		};
/* End XCBuildConfiguration section */

/* Begin XCConfigurationList section */
		1CDBDBE61BA5415300A403EB /* Build configuration list for PBXProject "Choco-O-Holic" */ = {
			isa = XCConfigurationList;
			buildConfigurations = (
				1CDBDBF01BA5415300A403EB /* Debug */,
				1CDBDBF11BA5415300A403EB /* Release */,
			);
			defaultConfigurationIsVisible = 0;
			defaultConfigurationName = Release;
		};
		1CDBDBF21BA5415300A403EB /* Build configuration list for PBXNativeTarget "Choco-O-Holic" */ = {
			isa = XCConfigurationList;
			buildConfigurations = (
				1CDBDBF31BA5415300A403EB /* Debug */,
				1CDBDBF41BA5415300A403EB /* Release */,
			);
			defaultConfigurationIsVisible = 0;
		};
/* End XCConfigurationList section */
	};
	rootObject = 1CDBDBE31BA5415300A403EB /* Project object */;
}
